version = 1
revision = 1
requires-python = ">=3.11"

[[package]]
name = "annotated-types"
version = "0.7.0"
source = { registry = "https://pypi.org/simple" }
sdist = { url = "https://files.pythonhosted.org/packages/ee/67/531ea369ba64dcff5ec9c3402f9f51bf748cec26dde048a2f973a4eea7f5/annotated_types-0.7.0.tar.gz", hash = "sha256:aff07c09a53a08bc8cfccb9c85b05f1aa9a2a6f23728d790723543408344ce89", size = 16081 }
wheels = [
    { url = "https://files.pythonhosted.org/packages/78/b6/6307fbef88d9b5ee7421e68d78a9f162e0da4900bc5f5793f6d3d0e34fb8/annotated_types-0.7.0-py3-none-any.whl", hash = "sha256:1f02e8b43a8fbbc3f3e0d4f0f4bfc8131bcb4eebe8849b8e5c773f3a1c582a53", size = 13643 },
]

[[package]]
name = "anyio"
version = "4.9.0"
source = { registry = "https://pypi.org/simple" }
dependencies = [
    { name = "idna" },
    { name = "sniffio" },
    { name = "typing-extensions", marker = "python_full_version < '3.13'" },
]
sdist = { url = "https://files.pythonhosted.org/packages/95/7d/4c1bd541d4dffa1b52bd83fb8527089e097a106fc90b467a7313b105f840/anyio-4.9.0.tar.gz", hash = "sha256:673c0c244e15788651a4ff38710fea9675823028a6f08a5eda409e0c9840a028", size = 190949 }
wheels = [
    { url = "https://files.pythonhosted.org/packages/a1/ee/48ca1a7c89ffec8b6a0c5d02b89c305671d5ffd8d3c94acf8b8c408575bb/anyio-4.9.0-py3-none-any.whl", hash = "sha256:9f76d541cad6e36af7beb62e978876f3b41e3e04f2c1fbf0884604c0a9c4d93c", size = 100916 },
]

[[package]]
name = "click"
version = "8.2.1"
source = { registry = "https://pypi.org/simple" }
dependencies = [
    { name = "colorama", marker = "sys_platform == 'win32'" },
]
sdist = { url = "https://files.pythonhosted.org/packages/60/6c/8ca2efa64cf75a977a0d7fac081354553ebe483345c734fb6b6515d96bbc/click-8.2.1.tar.gz", hash = "sha256:27c491cc05d968d271d5a1db13e3b5a184636d9d930f148c50b038f0d0646202", size = 286342 }
wheels = [
    { url = "https://files.pythonhosted.org/packages/85/32/10bb5764d90a8eee674e9dc6f4db6a0ab47c8c4d0d83c27f7c39ac415a4d/click-8.2.1-py3-none-any.whl", hash = "sha256:61a3265b914e850b85317d0b3109c7f8cd35a670f963866005d6ef1d5175a12b", size = 102215 },
]

[[package]]
name = "colorama"
version = "0.4.6"
source = { registry = "https://pypi.org/simple" }
sdist = { url = "https://files.pythonhosted.org/packages/d8/53/6f443c9a4a8358a93a6792e2acffb9d9d5cb0a5cfd8802644b7b1c9a02e4/colorama-0.4.6.tar.gz", hash = "sha256:08695f5cb7ed6e0531a20572697297273c47b8cae5a63ffc6d6ed5c201be6e44", size = 27697 }
wheels = [
    { url = "https://files.pythonhosted.org/packages/d1/d6/3965ed04c63042e047cb6a3e6ed1a63a35087b6a609aa3a15ed8ac56c221/colorama-0.4.6-py2.py3-none-any.whl", hash = "sha256:4f1d9991f5acc0ca119f9d443620b77f9d6b33703e51011c16baf57afb285fc6", size = 25335 },
]

[[package]]
name = "dependency-injector"
version = "4.48.1"
source = { registry = "https://pypi.org/simple" }
sdist = { url = "https://files.pythonhosted.org/packages/26/7c/5062c4a7ffd32bf210ff55fab9d279a5beeae350fb09533d3536811e13b6/dependency_injector-4.48.1.tar.gz", hash = "sha256:1805185e4522effad6d5e348c255d27e80d3f8adc89701daf13d743367392978", size = 1100885 }
wheels = [
    { url = "https://files.pythonhosted.org/packages/92/f9/c9b77652f724aece8856e281f7a71e5af544049b3c068df70c68868e43be/dependency_injector-4.48.1-cp38-abi3-macosx_11_0_arm64.whl", hash = "sha256:a6f73011d532f3ea59689aad85c7999be6da3f30393041a745d5861cdcdc02e4", size = 1631637 },
    { url = "https://files.pythonhosted.org/packages/ea/f0/d91c9cdabb1f2354762aca588757d1aa341f3cbccbc8636dd2c06acac10b/dependency_injector-4.48.1-cp38-abi3-manylinux1_x86_64.manylinux_2_28_x86_64.manylinux_2_5_x86_64.whl", hash = "sha256:ac09f508fa9aee06a036ebf3e3d3b2a210276aba1993e9993cec7f1fdc5fd89e", size = 1855944 },
    { url = "https://files.pythonhosted.org/packages/57/ee/d69c4758a12653edbe6ee15c0bf4195981c9820650a1cfa762cbb838485b/dependency_injector-4.48.1-cp38-abi3-manylinux2014_aarch64.manylinux_2_17_aarch64.manylinux_2_28_aarch64.whl", hash = "sha256:1b05a4a980096b53ad90a87965c5450183bfbb8bbe36615d7cea97537086d622", size = 1811989 },
    { url = "https://files.pythonhosted.org/packages/cf/6d/d2a257402c8c3f7a9c61f1b8a0482ec4373f1ef7fdfe784a91e883506e3b/dependency_injector-4.48.1-cp38-abi3-musllinux_1_2_aarch64.whl", hash = "sha256:0506e98440ee6c48fe660016d602961b1b3ecc0a8227838a2221048ed11e2fca", size = 1826408 },
    { url = "https://files.pythonhosted.org/packages/65/f9/2a408d460eedb264f7ea919754c526c8f3a18c026496cacb7dd6960766d2/dependency_injector-4.48.1-cp38-abi3-musllinux_1_2_x86_64.whl", hash = "sha256:1994622eae8917138626303b176cba4c74e625ba1e588cb09d673ca175d299a2", size = 1863948 },
    { url = "https://files.pythonhosted.org/packages/6e/8a/2edaef77e725dd8b1a625c84cbccb0f445afe58277c7b243cbf58784826a/dependency_injector-4.48.1-cp38-abi3-win32.whl", hash = "sha256:58d4d81f92e3267c331f160cbbb517fd7644b95ee57a0d6e4b01f53a7e437a4a", size = 1516768 },
    { url = "https://files.pythonhosted.org/packages/8c/41/4bf523af7e1b7f367499f8b8709e0e807e9a14c7d1674b0442d7f84403c8/dependency_injector-4.48.1-cp38-abi3-win_amd64.whl", hash = "sha256:572b22b7db9b103718ea52634b5ca1ef763278338310254334f4633a57c9f0e7", size = 1639850 },
    { url = "https://files.pythonhosted.org/packages/04/de/92b98b96742fbc9c04273729cb14c744a97a8dc2ee3e0d12a0d3cc3945e2/dependency_injector-4.48.1-pp311-pypy311_pp73-macosx_11_0_arm64.whl", hash = "sha256:51f8d9d78a1a147908ed7929df628d859251a814e6a001973bd96ae2b5648760", size = 1734103 },
    { url = "https://files.pythonhosted.org/packages/70/b7/31061c32c7d3e1f6c3e1fc71eb37d2ba4134e9bb2e50ad558bbff4aad9fa/dependency_injector-4.48.1-pp311-pypy311_pp73-manylinux1_x86_64.manylinux_2_28_x86_64.manylinux_2_5_x86_64.whl", hash = "sha256:2c23ab17cd3e160de1fc5d78719bf86fbfc81c21c8ea02b43832a6a1e2c8a8d8", size = 1826656 },
    { url = "https://files.pythonhosted.org/packages/57/a7/00b2a6e8769f3a5b248edf0b0d503289eb3516fa192f4e4cb368163f4a71/dependency_injector-4.48.1-pp311-pypy311_pp73-manylinux2014_aarch64.manylinux_2_17_aarch64.manylinux_2_28_aarch64.whl", hash = "sha256:79be912a0dedb1341b1400018defca6a9966fcb8d4a84b325623fa57d3c08171", size = 1734610 },
    { url = "https://files.pythonhosted.org/packages/43/b3/aa73fe301cf4dc006d2d6d82b6bf2f9a5776854f20e0aaa1122fa4fd1f2f/dependency_injector-4.48.1-pp311-pypy311_pp73-win_amd64.whl", hash = "sha256:65d9cf9f4eb31f837ed387210158e0003a4509478de1cbdc56c8439232f22ecd", size = 1618844 },
]

[[package]]
name = "fastapi"
version = "0.116.1"
source = { registry = "https://pypi.org/simple" }
dependencies = [
    { name = "pydantic" },
    { name = "starlette" },
    { name = "typing-extensions" },
]
sdist = { url = "https://files.pythonhosted.org/packages/78/d7/6c8b3bfe33eeffa208183ec037fee0cce9f7f024089ab1c5d12ef04bd27c/fastapi-0.116.1.tar.gz", hash = "sha256:ed52cbf946abfd70c5a0dccb24673f0670deeb517a88b3544d03c2a6bf283143", size = 296485 }
wheels = [
    { url = "https://files.pythonhosted.org/packages/e5/47/d63c60f59a59467fda0f93f46335c9d18526d7071f025cb5b89d5353ea42/fastapi-0.116.1-py3-none-any.whl", hash = "sha256:c46ac7c312df840f0c9e220f7964bada936781bc4e2e6eb71f1c4d7553786565", size = 95631 },
]

[[package]]
name = "h11"
version = "0.16.0"
source = { registry = "https://pypi.org/simple" }
sdist = { url = "https://files.pythonhosted.org/packages/01/ee/02a2c011bdab74c6fb3c75474d40b3052059d95df7e73351460c8588d963/h11-0.16.0.tar.gz", hash = "sha256:4e35b956cf45792e4caa5885e69fba00bdbc6ffafbfa020300e549b208ee5ff1", size = 101250 }
wheels = [
    { url = "https://files.pythonhosted.org/packages/04/4b/29cac41a4d98d144bf5f6d33995617b185d14b22401f75ca86f384e87ff1/h11-0.16.0-py3-none-any.whl", hash = "sha256:63cf8bbe7522de3bf65932fda1d9c2772064ffb3dae62d55932da54b31cb6c86", size = 37515 },
]

[[package]]
name = "idna"
version = "3.10"
source = { registry = "https://pypi.org/simple" }
sdist = { url = "https://files.pythonhosted.org/packages/f1/70/7703c29685631f5a7590aa73f1f1d3fa9a380e654b86af429e0934a32f7d/idna-3.10.tar.gz", hash = "sha256:12f65c9b470abda6dc35cf8e63cc574b1c52b11df2c86030af0ac09b01b13ea9", size = 190490 }
wheels = [
    { url = "https://files.pythonhosted.org/packages/76/c6/c88e154df9c4e1a2a66ccf0005a88dfb2650c1dffb6f5ce603dfbd452ce3/idna-3.10-py3-none-any.whl", hash = "sha256:946d195a0d259cbba61165e88e65941f16e9b36ea6ddb97f00452bae8b1287d3", size = 70442 },
]

[[package]]
name = "orjson"
version = "3.11.0"
source = { registry = "https://pypi.org/simple" }
sdist = { url = "https://files.pythonhosted.org/packages/29/87/03ababa86d984952304ac8ce9fbd3a317afb4a225b9a81f9b606ac60c873/orjson-3.11.0.tar.gz", hash = "sha256:2e4c129da624f291bcc607016a99e7f04a353f6874f3bd8d9b47b88597d5f700", size = 5318246 }
wheels = [
    { url = "https://files.pythonhosted.org/packages/f9/2c/0b71a763f0f5130aa2631ef79e2cd84d361294665acccbb12b7a9813194e/orjson-3.11.0-cp311-cp311-macosx_10_15_x86_64.macosx_11_0_arm64.macosx_10_15_universal2.whl", hash = "sha256:1785df7ada75c18411ff7e20ac822af904a40161ea9dfe8c55b3f6b66939add6", size = 240007 },
    { url = "https://files.pythonhosted.org/packages/f4/5a/f79ccd63d378b9c7c771d7a54c203d261b4c618fe3034ae95cd30f934f34/orjson-3.11.0-cp311-cp311-macosx_15_0_arm64.whl", hash = "sha256:a57899bebbcea146616a2426d20b51b3562b4bc9f8039a3bd14fae361c23053d", size = 129320 },
    { url = "https://files.pythonhosted.org/packages/7b/8a/63dafc147fa5ba945ad809c374b8f4ee692bb6b18aa6e161c3e6b69b594e/orjson-3.11.0-cp311-cp311-manylinux_2_17_aarch64.manylinux2014_aarch64.whl", hash = "sha256:9b6fbc2fc825aff1456dd358c11a0ad7912a4cb4537d3db92e5334af7463a967", size = 132254 },
    { url = "https://files.pythonhosted.org/packages/3c/11/4d1eb230483cc689a2f039c531bb2c980029c40ca5a9b5f64dce9786e955/orjson-3.11.0-cp311-cp311-manylinux_2_17_armv7l.manylinux2014_armv7l.whl", hash = "sha256:4305a638f4cf9bed3746ca3b7c242f14e05177d5baec2527026e0f9ee6c24fb7", size = 127003 },
    { url = "https://files.pythonhosted.org/packages/4f/39/b6e96072946d908684e0f4b3de1639062fd5b32016b2929c035bd8e5c847/orjson-3.11.0-cp311-cp311-manylinux_2_17_i686.manylinux2014_i686.whl", hash = "sha256:1235fe7bbc37164f69302199d46f29cfb874018738714dccc5a5a44042c79c77", size = 128674 },
    { url = "https://files.pythonhosted.org/packages/1e/dd/c77e3013f35b202ec2cc1f78a95fadf86b8c5a320d56eb1a0bbb965a87bb/orjson-3.11.0-cp311-cp311-manylinux_2_17_ppc64le.manylinux2014_ppc64le.whl", hash = "sha256:a640e3954e7b4fcb160097551e54cafbde9966be3991932155b71071077881aa", size = 131846 },
    { url = "https://files.pythonhosted.org/packages/3f/7d/d83f0f96c2b142f9cdcf12df19052ea3767970989dc757598dc108db208f/orjson-3.11.0-cp311-cp311-manylinux_2_17_s390x.manylinux2014_s390x.whl", hash = "sha256:6d750b97d22d5566955e50b02c622f3a1d32744d7a578c878b29a873190ccb7a", size = 134016 },
    { url = "https://files.pythonhosted.org/packages/67/4f/d22f79a3c56dde563c4fbc12eebf9224a1b87af5e4ec61beb11f9b3eb499/orjson-3.11.0-cp311-cp311-manylinux_2_17_x86_64.manylinux2014_x86_64.whl", hash = "sha256:4bfcfe498484161e011f8190a400591c52b026de96b3b3cbd3f21e8999b9dc0e", size = 127930 },
    { url = "https://files.pythonhosted.org/packages/07/1e/26aede257db2163d974139fd4571f1e80f565216ccbd2c44ee1d43a63dcc/orjson-3.11.0-cp311-cp311-musllinux_1_2_aarch64.whl", hash = "sha256:feaed3ed43a1d2df75c039798eb5ec92c350c7d86be53369bafc4f3700ce7df2", size = 130569 },
    { url = "https://files.pythonhosted.org/packages/b4/bf/2cb57eac8d6054b555cba27203490489a7d3f5dca8c34382f22f2f0f17ba/orjson-3.11.0-cp311-cp311-musllinux_1_2_armv7l.whl", hash = "sha256:aa1120607ec8fc98acf8c54aac6fb0b7b003ba883401fa2d261833111e2fa071", size = 403844 },
    { url = "https://files.pythonhosted.org/packages/76/34/36e859ccfc45464df7b35c438c0ecc7751c930b3ebbefb50db7e3a641eb7/orjson-3.11.0-cp311-cp311-musllinux_1_2_i686.whl", hash = "sha256:c4b48d9775b0cf1f0aca734f4c6b272cbfacfac38e6a455e6520662f9434afb7", size = 144613 },
    { url = "https://files.pythonhosted.org/packages/31/c5/5aeb84cdd0b44dc3972668944a1312f7983c2a45fb6b0e5e32b2f9408540/orjson-3.11.0-cp311-cp311-musllinux_1_2_x86_64.whl", hash = "sha256:f018ed1986d79434ac712ff19f951cd00b4dfcb767444410fbb834ebec160abf", size = 132419 },
    { url = "https://files.pythonhosted.org/packages/59/0c/95ee1e61a067ad24c4921609156b3beeca8b102f6f36dca62b08e1a7c7a8/orjson-3.11.0-cp311-cp311-win32.whl", hash = "sha256:08e191f8a55ac2c00be48e98a5d10dca004cbe8abe73392c55951bfda60fc123", size = 134620 },
    { url = "https://files.pythonhosted.org/packages/94/3e/afd5e284db9387023803553061ea05c785c36fe7845e4fe25912424b343f/orjson-3.11.0-cp311-cp311-win_amd64.whl", hash = "sha256:b5a4214ea59c8a3b56f8d484b28114af74e9fba0956f9be5c3ce388ae143bf1f", size = 129333 },
    { url = "https://files.pythonhosted.org/packages/8b/a4/d29e9995d73f23f2444b4db299a99477a4f7e6f5bf8923b775ef43a4e660/orjson-3.11.0-cp311-cp311-win_arm64.whl", hash = "sha256:57e8e7198a679ab21241ab3f355a7990c7447559e35940595e628c107ef23736", size = 126656 },
    { url = "https://files.pythonhosted.org/packages/92/c9/241e304fb1e58ea70b720f1a9e5349c6bb7735ffac401ef1b94f422edd6d/orjson-3.11.0-cp312-cp312-macosx_10_15_x86_64.macosx_11_0_arm64.macosx_10_15_universal2.whl", hash = "sha256:b4089f940c638bb1947d54e46c1cd58f4259072fcc97bc833ea9c78903150ac9", size = 240269 },
    { url = "https://files.pythonhosted.org/packages/26/7c/289457cdf40be992b43f1d90ae213ebc03a31a8e2850271ecd79e79a3135/orjson-3.11.0-cp312-cp312-macosx_15_0_arm64.whl", hash = "sha256:8335a0ba1c26359fb5c82d643b4c1abbee2bc62875e0f2b5bde6c8e9e25eb68c", size = 129276 },
    { url = "https://files.pythonhosted.org/packages/66/de/5c0528d46ded965939b6b7f75b1fe93af42b9906b0039096fc92c9001c12/orjson-3.11.0-cp312-cp312-manylinux_2_17_aarch64.manylinux2014_aarch64.whl", hash = "sha256:63c1c9772dafc811d16d6a7efa3369a739da15d1720d6e58ebe7562f54d6f4a2", size = 131966 },
    { url = "https://files.pythonhosted.org/packages/ad/74/39822f267b5935fb6fc961ccc443f4968a74d34fc9270b83caa44e37d907/orjson-3.11.0-cp312-cp312-manylinux_2_17_armv7l.manylinux2014_armv7l.whl", hash = "sha256:9457ccbd8b241fb4ba516417a4c5b95ba0059df4ac801309bcb4ec3870f45ad9", size = 127028 },
    { url = "https://files.pythonhosted.org/packages/7c/e3/28f6ed7f03db69bddb3ef48621b2b05b394125188f5909ee0a43fcf4820e/orjson-3.11.0-cp312-cp312-manylinux_2_17_i686.manylinux2014_i686.whl", hash = "sha256:0846e13abe79daece94a00b92574f294acad1d362be766c04245b9b4dd0e47e1", size = 129105 },
    { url = "https://files.pythonhosted.org/packages/cb/50/8867fd2fc92c0ab1c3e14673ec5d9d0191202e4ab8ba6256d7a1d6943ad3/orjson-3.11.0-cp312-cp312-manylinux_2_17_ppc64le.manylinux2014_ppc64le.whl", hash = "sha256:5587c85ae02f608a3f377b6af9eb04829606f518257cbffa8f5081c1aacf2e2f", size = 131902 },
    { url = "https://files.pythonhosted.org/packages/13/65/c189deea10342afee08006331082ff67d11b98c2394989998b3ea060354a/orjson-3.11.0-cp312-cp312-manylinux_2_17_s390x.manylinux2014_s390x.whl", hash = "sha256:c7a1964a71c1567b4570c932a0084ac24ad52c8cf6253d1881400936565ed438", size = 134042 },
    { url = "https://files.pythonhosted.org/packages/2b/e4/cf23c3f4231d2a9a043940ab045f799f84a6df1b4fb6c9b4412cdc3ebf8c/orjson-3.11.0-cp312-cp312-manylinux_2_17_x86_64.manylinux2014_x86_64.whl", hash = "sha256:b5a8243e73690cc6e9151c9e1dd046a8f21778d775f7d478fa1eb4daa4897c61", size = 128260 },
    { url = "https://files.pythonhosted.org/packages/de/b9/2cb94d3a67edb918d19bad4a831af99cd96c3657a23daa239611bcf335d7/orjson-3.11.0-cp312-cp312-musllinux_1_2_aarch64.whl", hash = "sha256:51646f6d995df37b6e1b628f092f41c0feccf1d47e3452c6e95e2474b547d842", size = 130282 },
    { url = "https://files.pythonhosted.org/packages/0b/96/df963cc973e689d4c56398647917b4ee95f47e5b6d2779338c09c015b23b/orjson-3.11.0-cp312-cp312-musllinux_1_2_armv7l.whl", hash = "sha256:2fb8ca8f0b4e31b8aaec674c7540649b64ef02809410506a44dc68d31bd5647b", size = 403765 },
    { url = "https://files.pythonhosted.org/packages/fb/92/71429ee1badb69f53281602dbb270fa84fc2e51c83193a814d0208bb63b0/orjson-3.11.0-cp312-cp312-musllinux_1_2_i686.whl", hash = "sha256:64a6a3e94a44856c3f6557e6aa56a6686544fed9816ae0afa8df9077f5759791", size = 144779 },
    { url = "https://files.pythonhosted.org/packages/c8/ab/3678b2e5ff0c622a974cb8664ed7cdda5ed26ae2b9d71ba66ec36f32d6cf/orjson-3.11.0-cp312-cp312-musllinux_1_2_x86_64.whl", hash = "sha256:d69f95d484938d8fab5963e09131bcf9fbbb81fa4ec132e316eb2fb9adb8ce78", size = 132797 },
    { url = "https://files.pythonhosted.org/packages/9d/8c/74509f715ff189d2aca90ebb0bd5af6658e0f9aa2512abbe6feca4c78208/orjson-3.11.0-cp312-cp312-win32.whl", hash = "sha256:8514f9f9c667ce7d7ef709ab1a73e7fcab78c297270e90b1963df7126d2b0e23", size = 134695 },
    { url = "https://files.pythonhosted.org/packages/82/ba/ef25e3e223f452a01eac6a5b38d05c152d037508dcbf87ad2858cbb7d82e/orjson-3.11.0-cp312-cp312-win_amd64.whl", hash = "sha256:41b38a894520b8cb5344a35ffafdf6ae8042f56d16771b2c5eb107798cee85ee", size = 129446 },
    { url = "https://files.pythonhosted.org/packages/e3/cd/6f4d93867c5d81bb4ab2d4ac870d3d6e9ba34fa580a03b8d04bf1ce1d8ad/orjson-3.11.0-cp312-cp312-win_arm64.whl", hash = "sha256:5579acd235dd134467340b2f8a670c1c36023b5a69c6a3174c4792af7502bd92", size = 126400 },
    { url = "https://files.pythonhosted.org/packages/31/63/82d9b6b48624009d230bc6038e54778af8f84dfd54402f9504f477c5cfd5/orjson-3.11.0-cp313-cp313-macosx_10_15_x86_64.macosx_11_0_arm64.macosx_10_15_universal2.whl", hash = "sha256:4a8ba9698655e16746fdf5266939427da0f9553305152aeb1a1cc14974a19cfb", size = 240125 },
    { url = "https://files.pythonhosted.org/packages/16/3a/d557ed87c63237d4c97a7bac7ac054c347ab8c4b6da09748d162ca287175/orjson-3.11.0-cp313-cp313-macosx_15_0_arm64.whl", hash = "sha256:67133847f9a35a5ef5acfa3325d4a2f7fe05c11f1505c4117bb086fc06f2a58f", size = 129189 },
    { url = "https://files.pythonhosted.org/packages/69/5e/b2c9e22e2cd10aa7d76a629cee65d661e06a61fbaf4dc226386f5636dd44/orjson-3.11.0-cp313-cp313-manylinux_2_17_aarch64.manylinux2014_aarch64.whl", hash = "sha256:5f797d57814975b78f5f5423acb003db6f9be5186b72d48bd97a1000e89d331d", size = 131953 },
    { url = "https://files.pythonhosted.org/packages/e2/60/760fcd9b50eb44d1206f2b30c8d310b79714553b9d94a02f9ea3252ebe63/orjson-3.11.0-cp313-cp313-manylinux_2_17_armv7l.manylinux2014_armv7l.whl", hash = "sha256:28acd19822987c5163b9e03a6e60853a52acfee384af2b394d11cb413b889246", size = 126922 },
    { url = "https://files.pythonhosted.org/packages/6a/7a/8c46daa867ccc92da6de9567608be62052774b924a77c78382e30d50b579/orjson-3.11.0-cp313-cp313-manylinux_2_17_i686.manylinux2014_i686.whl", hash = "sha256:e8d38d9e1e2cf9729658e35956cf01e13e89148beb4cb9e794c9c10c5cb252f8", size = 128787 },
    { url = "https://files.pythonhosted.org/packages/f2/14/a2f1b123d85f11a19e8749f7d3f9ed6c9b331c61f7b47cfd3e9a1fedb9bc/orjson-3.11.0-cp313-cp313-manylinux_2_17_ppc64le.manylinux2014_ppc64le.whl", hash = "sha256:05f094edd2b782650b0761fd78858d9254de1c1286f5af43145b3d08cdacfd51", size = 131895 },
    { url = "https://files.pythonhosted.org/packages/c8/10/362e8192df7528e8086ea712c5cb01355c8d4e52c59a804417ba01e2eb2d/orjson-3.11.0-cp313-cp313-manylinux_2_17_s390x.manylinux2014_s390x.whl", hash = "sha256:6d09176a4a9e04a5394a4a0edd758f645d53d903b306d02f2691b97d5c736a9e", size = 133868 },
    { url = "https://files.pythonhosted.org/packages/f8/4e/ef43582ef3e3dfd2a39bc3106fa543364fde1ba58489841120219da6e22f/orjson-3.11.0-cp313-cp313-manylinux_2_17_x86_64.manylinux2014_x86_64.whl", hash = "sha256:2a585042104e90a61eda2564d11317b6a304eb4e71cd33e839f5af6be56c34d3", size = 128234 },
    { url = "https://files.pythonhosted.org/packages/d7/fa/02dabb2f1d605bee8c4bb1160cfc7467976b1ed359a62cc92e0681b53c45/orjson-3.11.0-cp313-cp313-musllinux_1_2_aarch64.whl", hash = "sha256:d2218629dbfdeeb5c9e0573d59f809d42f9d49ae6464d2f479e667aee14c3ef4", size = 130232 },
    { url = "https://files.pythonhosted.org/packages/16/76/951b5619605c8d2ede80cc989f32a66abc954530d86e84030db2250c63a1/orjson-3.11.0-cp313-cp313-musllinux_1_2_armv7l.whl", hash = "sha256:613e54a2b10b51b656305c11235a9c4a5c5491ef5c283f86483d4e9e123ed5e4", size = 403648 },
    { url = "https://files.pythonhosted.org/packages/96/e2/5fa53bb411455a63b3713db90b588e6ca5ed2db59ad49b3fb8a0e94e0dda/orjson-3.11.0-cp313-cp313-musllinux_1_2_i686.whl", hash = "sha256:9dac7fbf3b8b05965986c5cfae051eb9a30fced7f15f1d13a5adc608436eb486", size = 144572 },
    { url = "https://files.pythonhosted.org/packages/ad/d0/7d6f91e1e0f034258c3a3358f20b0c9490070e8a7ab8880085547274c7f9/orjson-3.11.0-cp313-cp313-musllinux_1_2_x86_64.whl", hash = "sha256:93b64b254414e2be55ac5257124b5602c5f0b4d06b80bd27d1165efe8f36e836", size = 132766 },
    { url = "https://files.pythonhosted.org/packages/ff/f8/4d46481f1b3fb40dc826d62179f96c808eb470cdcc74b6593fb114d74af3/orjson-3.11.0-cp313-cp313-win32.whl", hash = "sha256:359cbe11bc940c64cb3848cf22000d2aef36aff7bfd09ca2c0b9cb309c387132", size = 134638 },
    { url = "https://files.pythonhosted.org/packages/85/3f/544938dcfb7337d85ee1e43d7685cf8f3bfd452e0b15a32fe70cb4ca5094/orjson-3.11.0-cp313-cp313-win_amd64.whl", hash = "sha256:0759b36428067dc777b202dd286fbdd33d7f261c6455c4238ea4e8474358b1e6", size = 129411 },
    { url = "https://files.pythonhosted.org/packages/43/0c/f75015669d7817d222df1bb207f402277b77d22c4833950c8c8c7cf2d325/orjson-3.11.0-cp313-cp313-win_arm64.whl", hash = "sha256:51cdca2f36e923126d0734efaf72ddbb5d6da01dbd20eab898bdc50de80d7b5a", size = 126349 },
]

[[package]]
name = "pydantic"
version = "2.11.7"
source = { registry = "https://pypi.org/simple" }
dependencies = [
    { name = "annotated-types" },
    { name = "pydantic-core" },
    { name = "typing-extensions" },
    { name = "typing-inspection" },
]
sdist = { url = "https://files.pythonhosted.org/packages/00/dd/4325abf92c39ba8623b5af936ddb36ffcfe0beae70405d456ab1fb2f5b8c/pydantic-2.11.7.tar.gz", hash = "sha256:d989c3c6cb79469287b1569f7447a17848c998458d49ebe294e975b9baf0f0db", size = 788350 }
wheels = [
    { url = "https://files.pythonhosted.org/packages/6a/c0/ec2b1c8712ca690e5d61979dee872603e92b8a32f94cc1b72d53beab008a/pydantic-2.11.7-py3-none-any.whl", hash = "sha256:dde5df002701f6de26248661f6835bbe296a47bf73990135c7d07ce741b9623b", size = 444782 },
]

[[package]]
name = "pydantic-core"
version = "2.33.2"
source = { registry = "https://pypi.org/simple" }
dependencies = [
    { name = "typing-extensions" },
]
sdist = { url = "https://files.pythonhosted.org/packages/ad/88/5f2260bdfae97aabf98f1778d43f69574390ad787afb646292a638c923d4/pydantic_core-2.33.2.tar.gz", hash = "sha256:7cb8bc3605c29176e1b105350d2e6474142d7c1bd1d9327c4a9bdb46bf827acc", size = 435195 }
wheels = [
    { url = "https://files.pythonhosted.org/packages/3f/8d/71db63483d518cbbf290261a1fc2839d17ff89fce7089e08cad07ccfce67/pydantic_core-2.33.2-cp311-cp311-macosx_10_12_x86_64.whl", hash = "sha256:4c5b0a576fb381edd6d27f0a85915c6daf2f8138dc5c267a57c08a62900758c7", size = 2028584 },
    { url = "https://files.pythonhosted.org/packages/24/2f/3cfa7244ae292dd850989f328722d2aef313f74ffc471184dc509e1e4e5a/pydantic_core-2.33.2-cp311-cp311-macosx_11_0_arm64.whl", hash = "sha256:e799c050df38a639db758c617ec771fd8fb7a5f8eaaa4b27b101f266b216a246", size = 1855071 },
    { url = "https://files.pythonhosted.org/packages/b3/d3/4ae42d33f5e3f50dd467761304be2fa0a9417fbf09735bc2cce003480f2a/pydantic_core-2.33.2-cp311-cp311-manylinux_2_17_aarch64.manylinux2014_aarch64.whl", hash = "sha256:dc46a01bf8d62f227d5ecee74178ffc448ff4e5197c756331f71efcc66dc980f", size = 1897823 },
    { url = "https://files.pythonhosted.org/packages/f4/f3/aa5976e8352b7695ff808599794b1fba2a9ae2ee954a3426855935799488/pydantic_core-2.33.2-cp311-cp311-manylinux_2_17_armv7l.manylinux2014_armv7l.whl", hash = "sha256:a144d4f717285c6d9234a66778059f33a89096dfb9b39117663fd8413d582dcc", size = 1983792 },
    { url = "https://files.pythonhosted.org/packages/d5/7a/cda9b5a23c552037717f2b2a5257e9b2bfe45e687386df9591eff7b46d28/pydantic_core-2.33.2-cp311-cp311-manylinux_2_17_ppc64le.manylinux2014_ppc64le.whl", hash = "sha256:73cf6373c21bc80b2e0dc88444f41ae60b2f070ed02095754eb5a01df12256de", size = 2136338 },
    { url = "https://files.pythonhosted.org/packages/2b/9f/b8f9ec8dd1417eb9da784e91e1667d58a2a4a7b7b34cf4af765ef663a7e5/pydantic_core-2.33.2-cp311-cp311-manylinux_2_17_s390x.manylinux2014_s390x.whl", hash = "sha256:3dc625f4aa79713512d1976fe9f0bc99f706a9dee21dfd1810b4bbbf228d0e8a", size = 2730998 },
    { url = "https://files.pythonhosted.org/packages/47/bc/cd720e078576bdb8255d5032c5d63ee5c0bf4b7173dd955185a1d658c456/pydantic_core-2.33.2-cp311-cp311-manylinux_2_17_x86_64.manylinux2014_x86_64.whl", hash = "sha256:881b21b5549499972441da4758d662aeea93f1923f953e9cbaff14b8b9565aef", size = 2003200 },
    { url = "https://files.pythonhosted.org/packages/ca/22/3602b895ee2cd29d11a2b349372446ae9727c32e78a94b3d588a40fdf187/pydantic_core-2.33.2-cp311-cp311-manylinux_2_5_i686.manylinux1_i686.whl", hash = "sha256:bdc25f3681f7b78572699569514036afe3c243bc3059d3942624e936ec93450e", size = 2113890 },
    { url = "https://files.pythonhosted.org/packages/ff/e6/e3c5908c03cf00d629eb38393a98fccc38ee0ce8ecce32f69fc7d7b558a7/pydantic_core-2.33.2-cp311-cp311-musllinux_1_1_aarch64.whl", hash = "sha256:fe5b32187cbc0c862ee201ad66c30cf218e5ed468ec8dc1cf49dec66e160cc4d", size = 2073359 },
    { url = "https://files.pythonhosted.org/packages/12/e7/6a36a07c59ebefc8777d1ffdaf5ae71b06b21952582e4b07eba88a421c79/pydantic_core-2.33.2-cp311-cp311-musllinux_1_1_armv7l.whl", hash = "sha256:bc7aee6f634a6f4a95676fcb5d6559a2c2a390330098dba5e5a5f28a2e4ada30", size = 2245883 },
    { url = "https://files.pythonhosted.org/packages/16/3f/59b3187aaa6cc0c1e6616e8045b284de2b6a87b027cce2ffcea073adf1d2/pydantic_core-2.33.2-cp311-cp311-musllinux_1_1_x86_64.whl", hash = "sha256:235f45e5dbcccf6bd99f9f472858849f73d11120d76ea8707115415f8e5ebebf", size = 2241074 },
    { url = "https://files.pythonhosted.org/packages/e0/ed/55532bb88f674d5d8f67ab121a2a13c385df382de2a1677f30ad385f7438/pydantic_core-2.33.2-cp311-cp311-win32.whl", hash = "sha256:6368900c2d3ef09b69cb0b913f9f8263b03786e5b2a387706c5afb66800efd51", size = 1910538 },
    { url = "https://files.pythonhosted.org/packages/fe/1b/25b7cccd4519c0b23c2dd636ad39d381abf113085ce4f7bec2b0dc755eb1/pydantic_core-2.33.2-cp311-cp311-win_amd64.whl", hash = "sha256:1e063337ef9e9820c77acc768546325ebe04ee38b08703244c1309cccc4f1bab", size = 1952909 },
    { url = "https://files.pythonhosted.org/packages/49/a9/d809358e49126438055884c4366a1f6227f0f84f635a9014e2deb9b9de54/pydantic_core-2.33.2-cp311-cp311-win_arm64.whl", hash = "sha256:6b99022f1d19bc32a4c2a0d544fc9a76e3be90f0b3f4af413f87d38749300e65", size = 1897786 },
    { url = "https://files.pythonhosted.org/packages/18/8a/2b41c97f554ec8c71f2a8a5f85cb56a8b0956addfe8b0efb5b3d77e8bdc3/pydantic_core-2.33.2-cp312-cp312-macosx_10_12_x86_64.whl", hash = "sha256:a7ec89dc587667f22b6a0b6579c249fca9026ce7c333fc142ba42411fa243cdc", size = 2009000 },
    { url = "https://files.pythonhosted.org/packages/a1/02/6224312aacb3c8ecbaa959897af57181fb6cf3a3d7917fd44d0f2917e6f2/pydantic_core-2.33.2-cp312-cp312-macosx_11_0_arm64.whl", hash = "sha256:3c6db6e52c6d70aa0d00d45cdb9b40f0433b96380071ea80b09277dba021ddf7", size = 1847996 },
    { url = "https://files.pythonhosted.org/packages/d6/46/6dcdf084a523dbe0a0be59d054734b86a981726f221f4562aed313dbcb49/pydantic_core-2.33.2-cp312-cp312-manylinux_2_17_aarch64.manylinux2014_aarch64.whl", hash = "sha256:4e61206137cbc65e6d5256e1166f88331d3b6238e082d9f74613b9b765fb9025", size = 1880957 },
    { url = "https://files.pythonhosted.org/packages/ec/6b/1ec2c03837ac00886ba8160ce041ce4e325b41d06a034adbef11339ae422/pydantic_core-2.33.2-cp312-cp312-manylinux_2_17_armv7l.manylinux2014_armv7l.whl", hash = "sha256:eb8c529b2819c37140eb51b914153063d27ed88e3bdc31b71198a198e921e011", size = 1964199 },
    { url = "https://files.pythonhosted.org/packages/2d/1d/6bf34d6adb9debd9136bd197ca72642203ce9aaaa85cfcbfcf20f9696e83/pydantic_core-2.33.2-cp312-cp312-manylinux_2_17_ppc64le.manylinux2014_ppc64le.whl", hash = "sha256:c52b02ad8b4e2cf14ca7b3d918f3eb0ee91e63b3167c32591e57c4317e134f8f", size = 2120296 },
    { url = "https://files.pythonhosted.org/packages/e0/94/2bd0aaf5a591e974b32a9f7123f16637776c304471a0ab33cf263cf5591a/pydantic_core-2.33.2-cp312-cp312-manylinux_2_17_s390x.manylinux2014_s390x.whl", hash = "sha256:96081f1605125ba0855dfda83f6f3df5ec90c61195421ba72223de35ccfb2f88", size = 2676109 },
    { url = "https://files.pythonhosted.org/packages/f9/41/4b043778cf9c4285d59742281a769eac371b9e47e35f98ad321349cc5d61/pydantic_core-2.33.2-cp312-cp312-manylinux_2_17_x86_64.manylinux2014_x86_64.whl", hash = "sha256:8f57a69461af2a5fa6e6bbd7a5f60d3b7e6cebb687f55106933188e79ad155c1", size = 2002028 },
    { url = "https://files.pythonhosted.org/packages/cb/d5/7bb781bf2748ce3d03af04d5c969fa1308880e1dca35a9bd94e1a96a922e/pydantic_core-2.33.2-cp312-cp312-manylinux_2_5_i686.manylinux1_i686.whl", hash = "sha256:572c7e6c8bb4774d2ac88929e3d1f12bc45714ae5ee6d9a788a9fb35e60bb04b", size = 2100044 },
    { url = "https://files.pythonhosted.org/packages/fe/36/def5e53e1eb0ad896785702a5bbfd25eed546cdcf4087ad285021a90ed53/pydantic_core-2.33.2-cp312-cp312-musllinux_1_1_aarch64.whl", hash = "sha256:db4b41f9bd95fbe5acd76d89920336ba96f03e149097365afe1cb092fceb89a1", size = 2058881 },
    { url = "https://files.pythonhosted.org/packages/01/6c/57f8d70b2ee57fc3dc8b9610315949837fa8c11d86927b9bb044f8705419/pydantic_core-2.33.2-cp312-cp312-musllinux_1_1_armv7l.whl", hash = "sha256:fa854f5cf7e33842a892e5c73f45327760bc7bc516339fda888c75ae60edaeb6", size = 2227034 },
    { url = "https://files.pythonhosted.org/packages/27/b9/9c17f0396a82b3d5cbea4c24d742083422639e7bb1d5bf600e12cb176a13/pydantic_core-2.33.2-cp312-cp312-musllinux_1_1_x86_64.whl", hash = "sha256:5f483cfb75ff703095c59e365360cb73e00185e01aaea067cd19acffd2ab20ea", size = 2234187 },
    { url = "https://files.pythonhosted.org/packages/b0/6a/adf5734ffd52bf86d865093ad70b2ce543415e0e356f6cacabbc0d9ad910/pydantic_core-2.33.2-cp312-cp312-win32.whl", hash = "sha256:9cb1da0f5a471435a7bc7e439b8a728e8b61e59784b2af70d7c169f8dd8ae290", size = 1892628 },
    { url = "https://files.pythonhosted.org/packages/43/e4/5479fecb3606c1368d496a825d8411e126133c41224c1e7238be58b87d7e/pydantic_core-2.33.2-cp312-cp312-win_amd64.whl", hash = "sha256:f941635f2a3d96b2973e867144fde513665c87f13fe0e193c158ac51bfaaa7b2", size = 1955866 },
    { url = "https://files.pythonhosted.org/packages/0d/24/8b11e8b3e2be9dd82df4b11408a67c61bb4dc4f8e11b5b0fc888b38118b5/pydantic_core-2.33.2-cp312-cp312-win_arm64.whl", hash = "sha256:cca3868ddfaccfbc4bfb1d608e2ccaaebe0ae628e1416aeb9c4d88c001bb45ab", size = 1888894 },
    { url = "https://files.pythonhosted.org/packages/46/8c/99040727b41f56616573a28771b1bfa08a3d3fe74d3d513f01251f79f172/pydantic_core-2.33.2-cp313-cp313-macosx_10_12_x86_64.whl", hash = "sha256:1082dd3e2d7109ad8b7da48e1d4710c8d06c253cbc4a27c1cff4fbcaa97a9e3f", size = 2015688 },
    { url = "https://files.pythonhosted.org/packages/3a/cc/5999d1eb705a6cefc31f0b4a90e9f7fc400539b1a1030529700cc1b51838/pydantic_core-2.33.2-cp313-cp313-macosx_11_0_arm64.whl", hash = "sha256:f517ca031dfc037a9c07e748cefd8d96235088b83b4f4ba8939105d20fa1dcd6", size = 1844808 },
    { url = "https://files.pythonhosted.org/packages/6f/5e/a0a7b8885c98889a18b6e376f344da1ef323d270b44edf8174d6bce4d622/pydantic_core-2.33.2-cp313-cp313-manylinux_2_17_aarch64.manylinux2014_aarch64.whl", hash = "sha256:0a9f2c9dd19656823cb8250b0724ee9c60a82f3cdf68a080979d13092a3b0fef", size = 1885580 },
    { url = "https://files.pythonhosted.org/packages/3b/2a/953581f343c7d11a304581156618c3f592435523dd9d79865903272c256a/pydantic_core-2.33.2-cp313-cp313-manylinux_2_17_armv7l.manylinux2014_armv7l.whl", hash = "sha256:2b0a451c263b01acebe51895bfb0e1cc842a5c666efe06cdf13846c7418caa9a", size = 1973859 },
    { url = "https://files.pythonhosted.org/packages/e6/55/f1a813904771c03a3f97f676c62cca0c0a4138654107c1b61f19c644868b/pydantic_core-2.33.2-cp313-cp313-manylinux_2_17_ppc64le.manylinux2014_ppc64le.whl", hash = "sha256:1ea40a64d23faa25e62a70ad163571c0b342b8bf66d5fa612ac0dec4f069d916", size = 2120810 },
    { url = "https://files.pythonhosted.org/packages/aa/c3/053389835a996e18853ba107a63caae0b9deb4a276c6b472931ea9ae6e48/pydantic_core-2.33.2-cp313-cp313-manylinux_2_17_s390x.manylinux2014_s390x.whl", hash = "sha256:0fb2d542b4d66f9470e8065c5469ec676978d625a8b7a363f07d9a501a9cb36a", size = 2676498 },
    { url = "https://files.pythonhosted.org/packages/eb/3c/f4abd740877a35abade05e437245b192f9d0ffb48bbbbd708df33d3cda37/pydantic_core-2.33.2-cp313-cp313-manylinux_2_17_x86_64.manylinux2014_x86_64.whl", hash = "sha256:9fdac5d6ffa1b5a83bca06ffe7583f5576555e6c8b3a91fbd25ea7780f825f7d", size = 2000611 },
    { url = "https://files.pythonhosted.org/packages/59/a7/63ef2fed1837d1121a894d0ce88439fe3e3b3e48c7543b2a4479eb99c2bd/pydantic_core-2.33.2-cp313-cp313-manylinux_2_5_i686.manylinux1_i686.whl", hash = "sha256:04a1a413977ab517154eebb2d326da71638271477d6ad87a769102f7c2488c56", size = 2107924 },
    { url = "https://files.pythonhosted.org/packages/04/8f/2551964ef045669801675f1cfc3b0d74147f4901c3ffa42be2ddb1f0efc4/pydantic_core-2.33.2-cp313-cp313-musllinux_1_1_aarch64.whl", hash = "sha256:c8e7af2f4e0194c22b5b37205bfb293d166a7344a5b0d0eaccebc376546d77d5", size = 2063196 },
    { url = "https://files.pythonhosted.org/packages/26/bd/d9602777e77fc6dbb0c7db9ad356e9a985825547dce5ad1d30ee04903918/pydantic_core-2.33.2-cp313-cp313-musllinux_1_1_armv7l.whl", hash = "sha256:5c92edd15cd58b3c2d34873597a1e20f13094f59cf88068adb18947df5455b4e", size = 2236389 },
    { url = "https://files.pythonhosted.org/packages/42/db/0e950daa7e2230423ab342ae918a794964b053bec24ba8af013fc7c94846/pydantic_core-2.33.2-cp313-cp313-musllinux_1_1_x86_64.whl", hash = "sha256:65132b7b4a1c0beded5e057324b7e16e10910c106d43675d9bd87d4f38dde162", size = 2239223 },
    { url = "https://files.pythonhosted.org/packages/58/4d/4f937099c545a8a17eb52cb67fe0447fd9a373b348ccfa9a87f141eeb00f/pydantic_core-2.33.2-cp313-cp313-win32.whl", hash = "sha256:52fb90784e0a242bb96ec53f42196a17278855b0f31ac7c3cc6f5c1ec4811849", size = 1900473 },
    { url = "https://files.pythonhosted.org/packages/a0/75/4a0a9bac998d78d889def5e4ef2b065acba8cae8c93696906c3a91f310ca/pydantic_core-2.33.2-cp313-cp313-win_amd64.whl", hash = "sha256:c083a3bdd5a93dfe480f1125926afcdbf2917ae714bdb80b36d34318b2bec5d9", size = 1955269 },
    { url = "https://files.pythonhosted.org/packages/f9/86/1beda0576969592f1497b4ce8e7bc8cbdf614c352426271b1b10d5f0aa64/pydantic_core-2.33.2-cp313-cp313-win_arm64.whl", hash = "sha256:e80b087132752f6b3d714f041ccf74403799d3b23a72722ea2e6ba2e892555b9", size = 1893921 },
    { url = "https://files.pythonhosted.org/packages/a4/7d/e09391c2eebeab681df2b74bfe6c43422fffede8dc74187b2b0bf6fd7571/pydantic_core-2.33.2-cp313-cp313t-macosx_11_0_arm64.whl", hash = "sha256:61c18fba8e5e9db3ab908620af374db0ac1baa69f0f32df4f61ae23f15e586ac", size = 1806162 },
    { url = "https://files.pythonhosted.org/packages/f1/3d/847b6b1fed9f8ed3bb95a9ad04fbd0b212e832d4f0f50ff4d9ee5a9f15cf/pydantic_core-2.33.2-cp313-cp313t-manylinux_2_17_x86_64.manylinux2014_x86_64.whl", hash = "sha256:95237e53bb015f67b63c91af7518a62a8660376a6a0db19b89acc77a4d6199f5", size = 1981560 },
    { url = "https://files.pythonhosted.org/packages/6f/9a/e73262f6c6656262b5fdd723ad90f518f579b7bc8622e43a942eec53c938/pydantic_core-2.33.2-cp313-cp313t-win_amd64.whl", hash = "sha256:c2fc0a768ef76c15ab9238afa6da7f69895bb5d1ee83aeea2e3509af4472d0b9", size = 1935777 },
    { url = "https://files.pythonhosted.org/packages/7b/27/d4ae6487d73948d6f20dddcd94be4ea43e74349b56eba82e9bdee2d7494c/pydantic_core-2.33.2-pp311-pypy311_pp73-macosx_10_12_x86_64.whl", hash = "sha256:dd14041875d09cc0f9308e37a6f8b65f5585cf2598a53aa0123df8b129d481f8", size = 2025200 },
    { url = "https://files.pythonhosted.org/packages/f1/b8/b3cb95375f05d33801024079b9392a5ab45267a63400bf1866e7ce0f0de4/pydantic_core-2.33.2-pp311-pypy311_pp73-macosx_11_0_arm64.whl", hash = "sha256:d87c561733f66531dced0da6e864f44ebf89a8fba55f31407b00c2f7f9449593", size = 1859123 },
    { url = "https://files.pythonhosted.org/packages/05/bc/0d0b5adeda59a261cd30a1235a445bf55c7e46ae44aea28f7bd6ed46e091/pydantic_core-2.33.2-pp311-pypy311_pp73-manylinux_2_17_aarch64.manylinux2014_aarch64.whl", hash = "sha256:2f82865531efd18d6e07a04a17331af02cb7a651583c418df8266f17a63c6612", size = 1892852 },
    { url = "https://files.pythonhosted.org/packages/3e/11/d37bdebbda2e449cb3f519f6ce950927b56d62f0b84fd9cb9e372a26a3d5/pydantic_core-2.33.2-pp311-pypy311_pp73-manylinux_2_17_x86_64.manylinux2014_x86_64.whl", hash = "sha256:2bfb5112df54209d820d7bf9317c7a6c9025ea52e49f46b6a2060104bba37de7", size = 2067484 },
    { url = "https://files.pythonhosted.org/packages/8c/55/1f95f0a05ce72ecb02a8a8a1c3be0579bbc29b1d5ab68f1378b7bebc5057/pydantic_core-2.33.2-pp311-pypy311_pp73-manylinux_2_5_i686.manylinux1_i686.whl", hash = "sha256:64632ff9d614e5eecfb495796ad51b0ed98c453e447a76bcbeeb69615079fc7e", size = 2108896 },
    { url = "https://files.pythonhosted.org/packages/53/89/2b2de6c81fa131f423246a9109d7b2a375e83968ad0800d6e57d0574629b/pydantic_core-2.33.2-pp311-pypy311_pp73-musllinux_1_1_aarch64.whl", hash = "sha256:f889f7a40498cc077332c7ab6b4608d296d852182211787d4f3ee377aaae66e8", size = 2069475 },
    { url = "https://files.pythonhosted.org/packages/b8/e9/1f7efbe20d0b2b10f6718944b5d8ece9152390904f29a78e68d4e7961159/pydantic_core-2.33.2-pp311-pypy311_pp73-musllinux_1_1_armv7l.whl", hash = "sha256:de4b83bb311557e439b9e186f733f6c645b9417c84e2eb8203f3f820a4b988bf", size = 2239013 },
    { url = "https://files.pythonhosted.org/packages/3c/b2/5309c905a93811524a49b4e031e9851a6b00ff0fb668794472ea7746b448/pydantic_core-2.33.2-pp311-pypy311_pp73-musllinux_1_1_x86_64.whl", hash = "sha256:82f68293f055f51b51ea42fafc74b6aad03e70e191799430b90c13d643059ebb", size = 2238715 },
    { url = "https://files.pythonhosted.org/packages/32/56/8a7ca5d2cd2cda1d245d34b1c9a942920a718082ae8e54e5f3e5a58b7add/pydantic_core-2.33.2-pp311-pypy311_pp73-win_amd64.whl", hash = "sha256:329467cecfb529c925cf2bbd4d60d2c509bc2fb52a20c1045bf09bb70971a9c1", size = 2066757 },
]

[[package]]
name = "sniffio"
version = "1.3.1"
source = { registry = "https://pypi.org/simple" }
sdist = { url = "https://files.pythonhosted.org/packages/a2/87/a6771e1546d97e7e041b6ae58d80074f81b7d5121207425c964ddf5cfdbd/sniffio-1.3.1.tar.gz", hash = "sha256:f4324edc670a0f49750a81b895f35c3adb843cca46f0530f79fc1babb23789dc", size = 20372 }
wheels = [
    { url = "https://files.pythonhosted.org/packages/e9/44/75a9c9421471a6c4805dbf2356f7c181a29c1879239abab1ea2cc8f38b40/sniffio-1.3.1-py3-none-any.whl", hash = "sha256:2f6da418d1f1e0fddd844478f41680e794e6051915791a034ff65e5f100525a2", size = 10235 },
]

[[package]]
name = "starlette"
version = "0.47.2"
source = { registry = "https://pypi.org/simple" }
dependencies = [
    { name = "anyio" },
    { name = "typing-extensions", marker = "python_full_version < '3.13'" },
]
sdist = { url = "https://files.pythonhosted.org/packages/04/57/d062573f391d062710d4088fa1369428c38d51460ab6fedff920efef932e/starlette-0.47.2.tar.gz", hash = "sha256:6ae9aa5db235e4846decc1e7b79c4f346adf41e9777aebeb49dfd09bbd7023d8", size = 2583948 }
wheels = [
    { url = "https://files.pythonhosted.org/packages/f7/1f/b876b1f83aef204198a42dc101613fefccb32258e5428b5f9259677864b4/starlette-0.47.2-py3-none-any.whl", hash = "sha256:c5847e96134e5c5371ee9fac6fdf1a67336d5815e09eb2a01fdb57a351ef915b", size = 72984 },
]

[[package]]
name = "tenacity"
version = "9.1.2"
source = { registry = "https://pypi.org/simple" }
sdist = { url = "https://files.pythonhosted.org/packages/0a/d4/2b0cd0fe285e14b36db076e78c93766ff1d529d70408bd1d2a5a84f1d929/tenacity-9.1.2.tar.gz", hash = "sha256:1169d376c297e7de388d18b4481760d478b0e99a777cad3a9c86e556f4b697cb", size = 48036 }
wheels = [
    { url = "https://files.pythonhosted.org/packages/e5/30/643397144bfbfec6f6ef821f36f33e57d35946c44a2352d3c9f0ae847619/tenacity-9.1.2-py3-none-any.whl", hash = "sha256:f77bf36710d8b73a50b2dd155c97b870017ad21afe6ab300326b0371b3b05138", size = 28248 },
]

[[package]]
name = "typing-extensions"
version = "4.14.1"
source = { registry = "https://pypi.org/simple" }
sdist = { url = "https://files.pythonhosted.org/packages/98/5a/da40306b885cc8c09109dc2e1abd358d5684b1425678151cdaed4731c822/typing_extensions-4.14.1.tar.gz", hash = "sha256:38b39f4aeeab64884ce9f74c94263ef78f3c22467c8724005483154c26648d36", size = 107673 }
wheels = [
    { url = "https://files.pythonhosted.org/packages/b5/00/d631e67a838026495268c2f6884f3711a15a9a2a96cd244fdaea53b823fb/typing_extensions-4.14.1-py3-none-any.whl", hash = "sha256:d1e1e3b58374dc93031d6eda2420a48ea44a36c2b4766a4fdeb3710755731d76", size = 43906 },
]

[[package]]
name = "typing-inspection"
version = "0.4.1"
source = { registry = "https://pypi.org/simple" }
dependencies = [
    { name = "typing-extensions" },
]
sdist = { url = "https://files.pythonhosted.org/packages/f8/b1/0c11f5058406b3af7609f121aaa6b609744687f1d158b3c3a5bf4cc94238/typing_inspection-0.4.1.tar.gz", hash = "sha256:6ae134cc0203c33377d43188d4064e9b357dba58cff3185f22924610e70a9d28", size = 75726 }
wheels = [
    { url = "https://files.pythonhosted.org/packages/17/69/cd203477f944c353c31bade965f880aa1061fd6bf05ded0726ca845b6ff7/typing_inspection-0.4.1-py3-none-any.whl", hash = "sha256:389055682238f53b04f7badcb49b989835495a96700ced5dab2d8feae4b26f51", size = 14552 },
]

[[package]]
name = "uvicorn"
version = "0.35.0"
source = { registry = "https://pypi.org/simple" }
dependencies = [
    { name = "click" },
    { name = "h11" },
]
sdist = { url = "https://files.pythonhosted.org/packages/5e/42/e0e305207bb88c6b8d3061399c6a961ffe5fbb7e2aa63c9234df7259e9cd/uvicorn-0.35.0.tar.gz", hash = "sha256:bc662f087f7cf2ce11a1d7fd70b90c9f98ef2e2831556dd078d131b96cc94a01", size = 78473 }
wheels = [
    { url = "https://files.pythonhosted.org/packages/d2/e2/dc81b1bd1dcfe91735810265e9d26bc8ec5da45b4c0f6237e286819194c3/uvicorn-0.35.0-py3-none-any.whl", hash = "sha256:197535216b25ff9b785e29a0b79199f55222193d47f820816e7da751e9bc8d4a", size = 66406 },
]

[[package]]
name = "voicememo-demo"
version = "0.1.0"
source = { virtual = "." }
dependencies = [
    { name = "dependency-injector" },
    { name = "fastapi" },
    { name = "orjson" },
    { name = "tenacity" },
    { name = "uvicorn" },
]

[package.metadata]
requires-dist = [
    { name = "dependency-injector", specifier = ">=4.48.1" },
    { name = "fastapi", specifier = ">=0.116.1" },
    { name = "orjson", specifier = ">=3.11.0" },
    { name = "tenacity", specifier = ">=9.1.2" },
    { name = "uvicorn", specifier = ">=0.35.0" },
]
